
Microsoft Visual Studio Solution File, Format Version 12.00
# Visual Studio Version 17
VisualStudioVersion = 17.12.35527.113
MinimumVisualStudioVersion = 10.0.40219.1
Project("{FAE04EC0-301F-11D3-BF4B-00C04F79EFBC}") = "_1_Encapsulate_What_Varies", "Encapsulate_What_Varies\_1_Encapsulate_What_Varies.csproj", "{6A28DA0F-F575-4A31-BF8E-F3CE7E6247C2}"
EndProject
Project("{2150E333-8FDC-42A3-9474-1A3956D46DE8}") = "_2_CompositionAndInheritance", "_2_CompositionAndInheritance", "{59D0086E-DF15-4933-B5A0-F5A5A4730E5E}"
EndProject
Project("{FAE04EC0-301F-11D3-BF4B-00C04F79EFBC}") = "FavorCompositionOverInheritance", "FavorCompositionOverInheritance\FavorCompositionOverInheritance.csproj", "{5B468F44-3361-4AD9-92C6-FE688C37843E}"
EndProject
Project("{FAE04EC0-301F-11D3-BF4B-00C04F79EFBC}") = "FavorCompositionOverInheritanceAfter", "FavorCompositionOverInheritanceAfter\FavorCompositionOverInheritanceAfter.csproj", "{324295F5-B2B0-45F4-A08B-CD81E5055244}"
EndProject
Project("{FAE04EC0-301F-11D3-BF4B-00C04F79EFBC}") = "MyImprove", "myImprove\MyImprove.csproj", "{DC2A54E4-2607-4D23-83FB-8A8A5A1FA04B}"
EndProject
Project("{FAE04EC0-301F-11D3-BF4B-00C04F79EFBC}") = "_3_TightlyVsLooselyCoupled", "_3_TightlyVsLooselyCoupled\_3_TightlyVsLooselyCoupled.csproj", "{D95AB483-3F92-4D54-A88D-D2C5E782090C}"
EndProject
Project("{FAE04EC0-301F-11D3-BF4B-00C04F79EFBC}") = "SRP", "SPR\SRP.csproj", "{2E6099D7-82AF-4194-8344-455A1D30E1CB}"
EndProject
Project("{FAE04EC0-301F-11D3-BF4B-00C04F79EFBC}") = "OCP", "OCP\OCP.csproj", "{3838B9C0-C9E5-4CF7-B105-856286E5121C}"
EndProject
Project("{FAE04EC0-301F-11D3-BF4B-00C04F79EFBC}") = "LSP", "LSP\LSP.csproj", "{7954D20D-E3D5-455F-8974-80109A36DEE2}"
EndProject
Project("{FAE04EC0-301F-11D3-BF4B-00C04F79EFBC}") = "ISP", "ISP\ISP.csproj", "{85857C41-BA09-4623-B0E3-52CD4646094C}"
EndProject
Project("{FAE04EC0-301F-11D3-BF4B-00C04F79EFBC}") = "DIP", "DIP\DIP.csproj", "{105EB54F-081F-4983-BF97-ED02921CC4B1}"
EndProject
Project("{2150E333-8FDC-42A3-9474-1A3956D46DE8}") = "KISS_And_YAGNI", "KISS_And_YAGNI", "{E7DC64B9-542B-41D8-B821-83E74E83B293}"
	ProjectSection(SolutionItems) = preProject
		Requirement.md = Requirement.md
	EndProjectSection
EndProject
Project("{FAE04EC0-301F-11D3-BF4B-00C04F79EFBC}") = "KissYagniTDV1", "KissYagniTDV1\KissYagniTDV1.csproj", "{2576F0B7-61EA-4654-9D41-E96E971977DB}"
EndProject
Project("{FAE04EC0-301F-11D3-BF4B-00C04F79EFBC}") = "KissYagniTDV2", "KissYagniTDV2\KissYagniTDV2.csproj", "{98305CBD-8CB5-4B93-8D7D-7B20B5B2F7C3}"
EndProject
Project("{FAE04EC0-301F-11D3-BF4B-00C04F79EFBC}") = "KissYagniTDV3", "KissYagniTDV3\KissYagniTDV3.csproj", "{7009BEC3-B555-4728-A66C-667899187C34}"
EndProject
Global
	GlobalSection(SolutionConfigurationPlatforms) = preSolution
		Debug|Any CPU = Debug|Any CPU
		Release|Any CPU = Release|Any CPU
	EndGlobalSection
	GlobalSection(ProjectConfigurationPlatforms) = postSolution
		{6A28DA0F-F575-4A31-BF8E-F3CE7E6247C2}.Debug|Any CPU.ActiveCfg = Debug|Any CPU
		{6A28DA0F-F575-4A31-BF8E-F3CE7E6247C2}.Debug|Any CPU.Build.0 = Debug|Any CPU
		{6A28DA0F-F575-4A31-BF8E-F3CE7E6247C2}.Release|Any CPU.ActiveCfg = Release|Any CPU
		{6A28DA0F-F575-4A31-BF8E-F3CE7E6247C2}.Release|Any CPU.Build.0 = Release|Any CPU
		{5B468F44-3361-4AD9-92C6-FE688C37843E}.Debug|Any CPU.ActiveCfg = Debug|Any CPU
		{5B468F44-3361-4AD9-92C6-FE688C37843E}.Debug|Any CPU.Build.0 = Debug|Any CPU
		{5B468F44-3361-4AD9-92C6-FE688C37843E}.Release|Any CPU.ActiveCfg = Release|Any CPU
		{5B468F44-3361-4AD9-92C6-FE688C37843E}.Release|Any CPU.Build.0 = Release|Any CPU
		{324295F5-B2B0-45F4-A08B-CD81E5055244}.Debug|Any CPU.ActiveCfg = Debug|Any CPU
		{324295F5-B2B0-45F4-A08B-CD81E5055244}.Debug|Any CPU.Build.0 = Debug|Any CPU
		{324295F5-B2B0-45F4-A08B-CD81E5055244}.Release|Any CPU.ActiveCfg = Release|Any CPU
		{324295F5-B2B0-45F4-A08B-CD81E5055244}.Release|Any CPU.Build.0 = Release|Any CPU
		{DC2A54E4-2607-4D23-83FB-8A8A5A1FA04B}.Debug|Any CPU.ActiveCfg = Debug|Any CPU
		{DC2A54E4-2607-4D23-83FB-8A8A5A1FA04B}.Debug|Any CPU.Build.0 = Debug|Any CPU
		{DC2A54E4-2607-4D23-83FB-8A8A5A1FA04B}.Release|Any CPU.ActiveCfg = Release|Any CPU
		{DC2A54E4-2607-4D23-83FB-8A8A5A1FA04B}.Release|Any CPU.Build.0 = Release|Any CPU
		{D95AB483-3F92-4D54-A88D-D2C5E782090C}.Debug|Any CPU.ActiveCfg = Debug|Any CPU
		{D95AB483-3F92-4D54-A88D-D2C5E782090C}.Debug|Any CPU.Build.0 = Debug|Any CPU
		{D95AB483-3F92-4D54-A88D-D2C5E782090C}.Release|Any CPU.ActiveCfg = Release|Any CPU
		{D95AB483-3F92-4D54-A88D-D2C5E782090C}.Release|Any CPU.Build.0 = Release|Any CPU
		{2E6099D7-82AF-4194-8344-455A1D30E1CB}.Debug|Any CPU.ActiveCfg = Debug|Any CPU
		{2E6099D7-82AF-4194-8344-455A1D30E1CB}.Debug|Any CPU.Build.0 = Debug|Any CPU
		{2E6099D7-82AF-4194-8344-455A1D30E1CB}.Release|Any CPU.ActiveCfg = Release|Any CPU
		{2E6099D7-82AF-4194-8344-455A1D30E1CB}.Release|Any CPU.Build.0 = Release|Any CPU
		{3838B9C0-C9E5-4CF7-B105-856286E5121C}.Debug|Any CPU.ActiveCfg = Debug|Any CPU
		{3838B9C0-C9E5-4CF7-B105-856286E5121C}.Debug|Any CPU.Build.0 = Debug|Any CPU
		{3838B9C0-C9E5-4CF7-B105-856286E5121C}.Release|Any CPU.ActiveCfg = Release|Any CPU
		{3838B9C0-C9E5-4CF7-B105-856286E5121C}.Release|Any CPU.Build.0 = Release|Any CPU
		{7954D20D-E3D5-455F-8974-80109A36DEE2}.Debug|Any CPU.ActiveCfg = Debug|Any CPU
		{7954D20D-E3D5-455F-8974-80109A36DEE2}.Debug|Any CPU.Build.0 = Debug|Any CPU
		{7954D20D-E3D5-455F-8974-80109A36DEE2}.Release|Any CPU.ActiveCfg = Release|Any CPU
		{7954D20D-E3D5-455F-8974-80109A36DEE2}.Release|Any CPU.Build.0 = Release|Any CPU
		{85857C41-BA09-4623-B0E3-52CD4646094C}.Debug|Any CPU.ActiveCfg = Debug|Any CPU
		{85857C41-BA09-4623-B0E3-52CD4646094C}.Debug|Any CPU.Build.0 = Debug|Any CPU
		{85857C41-BA09-4623-B0E3-52CD4646094C}.Release|Any CPU.ActiveCfg = Release|Any CPU
		{85857C41-BA09-4623-B0E3-52CD4646094C}.Release|Any CPU.Build.0 = Release|Any CPU
		{105EB54F-081F-4983-BF97-ED02921CC4B1}.Debug|Any CPU.ActiveCfg = Debug|Any CPU
		{105EB54F-081F-4983-BF97-ED02921CC4B1}.Debug|Any CPU.Build.0 = Debug|Any CPU
		{105EB54F-081F-4983-BF97-ED02921CC4B1}.Release|Any CPU.ActiveCfg = Release|Any CPU
		{105EB54F-081F-4983-BF97-ED02921CC4B1}.Release|Any CPU.Build.0 = Release|Any CPU
		{2576F0B7-61EA-4654-9D41-E96E971977DB}.Debug|Any CPU.ActiveCfg = Debug|Any CPU
		{2576F0B7-61EA-4654-9D41-E96E971977DB}.Debug|Any CPU.Build.0 = Debug|Any CPU
		{2576F0B7-61EA-4654-9D41-E96E971977DB}.Release|Any CPU.ActiveCfg = Release|Any CPU
		{2576F0B7-61EA-4654-9D41-E96E971977DB}.Release|Any CPU.Build.0 = Release|Any CPU
		{98305CBD-8CB5-4B93-8D7D-7B20B5B2F7C3}.Debug|Any CPU.ActiveCfg = Debug|Any CPU
		{98305CBD-8CB5-4B93-8D7D-7B20B5B2F7C3}.Debug|Any CPU.Build.0 = Debug|Any CPU
		{98305CBD-8CB5-4B93-8D7D-7B20B5B2F7C3}.Release|Any CPU.ActiveCfg = Release|Any CPU
		{98305CBD-8CB5-4B93-8D7D-7B20B5B2F7C3}.Release|Any CPU.Build.0 = Release|Any CPU
		{7009BEC3-B555-4728-A66C-667899187C34}.Debug|Any CPU.ActiveCfg = Debug|Any CPU
		{7009BEC3-B555-4728-A66C-667899187C34}.Debug|Any CPU.Build.0 = Debug|Any CPU
		{7009BEC3-B555-4728-A66C-667899187C34}.Release|Any CPU.ActiveCfg = Release|Any CPU
		{7009BEC3-B555-4728-A66C-667899187C34}.Release|Any CPU.Build.0 = Release|Any CPU
	EndGlobalSection
	GlobalSection(SolutionProperties) = preSolution
		HideSolutionNode = FALSE
	EndGlobalSection
	GlobalSection(NestedProjects) = preSolution
		{5B468F44-3361-4AD9-92C6-FE688C37843E} = {59D0086E-DF15-4933-B5A0-F5A5A4730E5E}
		{324295F5-B2B0-45F4-A08B-CD81E5055244} = {59D0086E-DF15-4933-B5A0-F5A5A4730E5E}
		{DC2A54E4-2607-4D23-83FB-8A8A5A1FA04B} = {59D0086E-DF15-4933-B5A0-F5A5A4730E5E}
		{2576F0B7-61EA-4654-9D41-E96E971977DB} = {E7DC64B9-542B-41D8-B821-83E74E83B293}
		{98305CBD-8CB5-4B93-8D7D-7B20B5B2F7C3} = {E7DC64B9-542B-41D8-B821-83E74E83B293}
		{7009BEC3-B555-4728-A66C-667899187C34} = {E7DC64B9-542B-41D8-B821-83E74E83B293}
	EndGlobalSection
EndGlobal
